
Microsoft Visual Studio Solution File, Format Version 12.00
# Visual Studio Version 16
VisualStudioVersion = 16.0.29215.179
MinimumVisualStudioVersion = 10.0.40219.1
Project("{9A19103F-16F7-4668-BE54-9A1E7A4F7556}") = "MyShop", "MyShop\MyShop.csproj", "{A7F04EEF-71A7-4DCC-B1E5-B0F8C0577B36}"
EndProject
Project("{9A19103F-16F7-4668-BE54-9A1E7A4F7556}") = "MyShop.Services", "MyShop.Services\MyShop.Services.csproj", "{F7D50E93-C617-40E4-AB79-5C2806B4405B}"
EndProject
Global
	GlobalSection(SolutionConfigurationPlatforms) = preSolution
		Debug|Any CPU = Debug|Any CPU
		Release|Any CPU = Release|Any CPU
	EndGlobalSection
	GlobalSection(ProjectConfigurationPlatforms) = postSolution
		{A7F04EEF-71A7-4DCC-B1E5-B0F8C0577B36}.Debug|Any CPU.ActiveCfg = Debug|Any CPU
		{A7F04EEF-71A7-4DCC-B1E5-B0F8C0577B36}.Debug|Any CPU.Build.0 = Debug|Any CPU
		{A7F04EEF-71A7-4DCC-B1E5-B0F8C0577B36}.Release|Any CPU.ActiveCfg = Release|Any CPU
		{A7F04EEF-71A7-4DCC-B1E5-B0F8C0577B36}.Release|Any CPU.Build.0 = Release|Any CPU
		{F7D50E93-C617-40E4-AB79-5C2806B4405B}.Debug|Any CPU.ActiveCfg = Debug|Any CPU
		{F7D50E93-C617-40E4-AB79-5C2806B4405B}.Debug|Any CPU.Build.0 = Debug|Any CPU
		{F7D50E93-C617-40E4-AB79-5C2806B4405B}.Release|Any CPU.ActiveCfg = Release|Any CPU
		{F7D50E93-C617-40E4-AB79-5C2806B4405B}.Release|Any CPU.Build.0 = Release|Any CPU
	EndGlobalSection
	GlobalSection(SolutionProperties) = preSolution
		HideSolutionNode = FALSE
	EndGlobalSection
	GlobalSection(ExtensibilityGlobals) = postSolution
		SolutionGuid = {2BDD54AA-8A0F-4481-BEAF-6695F1C56A27}
	EndGlobalSection
EndGlobal
